// !$*UTF8*$!
{
	archiveVersion = 1;
	classes = {
	};
	objectVersion = 50;
	objects = {

/* Begin PBXBuildFile section */
		16678ED6213EA0E400F12FEB /* AppDelegate.swift in Sources */ = {isa = PBXBuildFile; fileRef = 16678ED5213EA0E400F12FEB /* AppDelegate.swift */; };
		16678ED8213EA0E400F12FEB /* ViewController.swift in Sources */ = {isa = PBXBuildFile; fileRef = 16678ED7213EA0E400F12FEB /* ViewController.swift */; };
		16678EDB213EA0E400F12FEB /* Main.storyboard in Resources */ = {isa = PBXBuildFile; fileRef = 16678ED9213EA0E400F12FEB /* Main.storyboard */; };
		16678EDD213EA0E900F12FEB /* Assets.xcassets in Resources */ = {isa = PBXBuildFile; fileRef = 16678EDC213EA0E900F12FEB /* Assets.xcassets */; };
		16678EE0213EA0E900F12FEB /* LaunchScreen.storyboard in Resources */ = {isa = PBXBuildFile; fileRef = 16678EDE213EA0E900F12FEB /* LaunchScreen.storyboard */; };
		16678EEB213EA0E900F12FEB /* UberTests.swift in Sources */ = {isa = PBXBuildFile; fileRef = 16678EEA213EA0E900F12FEB /* UberTests.swift */; };
		16678EF6213EA0E900F12FEB /* UberUITests.swift in Sources */ = {isa = PBXBuildFile; fileRef = 16678EF5213EA0E900F12FEB /* UberUITests.swift */; };
		16678F05213EA17D00F12FEB /* MapKit.framework in Frameworks */ = {isa = PBXBuildFile; fileRef = 16678F04213EA17D00F12FEB /* MapKit.framework */; };
		16678F07213EA18800F12FEB /* CoreLocation.framework in Frameworks */ = {isa = PBXBuildFile; fileRef = 16678F06213EA18800F12FEB /* CoreLocation.framework */; };
/* End PBXBuildFile section */

/* Begin PBXContainerItemProxy section */
		16678EE7213EA0E900F12FEB /* PBXContainerItemProxy */ = {
			isa = PBXContainerItemProxy;
			containerPortal = 16678ECA213EA0E400F12FEB /* Project object */;
			proxyType = 1;
			remoteGlobalIDString = 16678ED1213EA0E400F12FEB;
			remoteInfo = Uber;
		};
		16678EF2213EA0E900F12FEB /* PBXContainerItemProxy */ = {
			isa = PBXContainerItemProxy;
			containerPortal = 16678ECA213EA0E400F12FEB /* Project object */;
			proxyType = 1;
			remoteGlobalIDString = 16678ED1213EA0E400F12FEB;
			remoteInfo = Uber;
		};
/* End PBXContainerItemProxy section */

/* Begin PBXFileReference section */
		16678ED2213EA0E400F12FEB /* Uber.app */ = {isa = PBXFileReference; explicitFileType = wrapper.application; includeInIndex = 0; path = Uber.app; sourceTree = BUILT_PRODUCTS_DIR; };
		16678ED5213EA0E400F12FEB /* AppDelegate.swift */ = {isa = PBXFileReference; lastKnownFileType = sourcecode.swift; path = AppDelegate.swift; sourceTree = "<group>"; };
		16678ED7213EA0E400F12FEB /* ViewController.swift */ = {isa = PBXFileReference; lastKnownFileType = sourcecode.swift; path = ViewController.swift; sourceTree = "<group>"; };
		16678EDA213EA0E400F12FEB /* Base */ = {isa = PBXFileReference; lastKnownFileType = file.storyboard; name = Base; path = Base.lproj/Main.storyboard; sourceTree = "<group>"; };
		16678EDC213EA0E900F12FEB /* Assets.xcassets */ = {isa = PBXFileReference; lastKnownFileType = folder.assetcatalog; path = Assets.xcassets; sourceTree = "<group>"; };
		16678EDF213EA0E900F12FEB /* Base */ = {isa = PBXFileReference; lastKnownFileType = file.storyboard; name = Base; path = Base.lproj/LaunchScreen.storyboard; sourceTree = "<group>"; };
		16678EE1213EA0E900F12FEB /* Info.plist */ = {isa = PBXFileReference; lastKnownFileType = text.plist.xml; path = Info.plist; sourceTree = "<group>"; };
		16678EE6213EA0E900F12FEB /* UberTests.xctest */ = {isa = PBXFileReference; explicitFileType = wrapper.cfbundle; includeInIndex = 0; path = UberTests.xctest; sourceTree = BUILT_PRODUCTS_DIR; };
		16678EEA213EA0E900F12FEB /* UberTests.swift */ = {isa = PBXFileReference; lastKnownFileType = sourcecode.swift; path = UberTests.swift; sourceTree = "<group>"; };
		16678EEC213EA0E900F12FEB /* Info.plist */ = {isa = PBXFileReference; lastKnownFileType = text.plist.xml; path = Info.plist; sourceTree = "<group>"; };
		16678EF1213EA0E900F12FEB /* UberUITests.xctest */ = {isa = PBXFileReference; explicitFileType = wrapper.cfbundle; includeInIndex = 0; path = UberUITests.xctest; sourceTree = BUILT_PRODUCTS_DIR; };
		16678EF5213EA0E900F12FEB /* UberUITests.swift */ = {isa = PBXFileReference; lastKnownFileType = sourcecode.swift; path = UberUITests.swift; sourceTree = "<group>"; };
		16678EF7213EA0E900F12FEB /* Info.plist */ = {isa = PBXFileReference; lastKnownFileType = text.plist.xml; path = Info.plist; sourceTree = "<group>"; };
		16678F04213EA17D00F12FEB /* MapKit.framework */ = {isa = PBXFileReference; lastKnownFileType = wrapper.framework; name = MapKit.framework; path = System/Library/Frameworks/MapKit.framework; sourceTree = SDKROOT; };
		16678F06213EA18800F12FEB /* CoreLocation.framework */ = {isa = PBXFileReference; lastKnownFileType = wrapper.framework; name = CoreLocation.framework; path = System/Library/Frameworks/CoreLocation.framework; sourceTree = SDKROOT; };
/* End PBXFileReference section */

/* Begin PBXFrameworksBuildPhase section */
		16678ECF213EA0E400F12FEB /* Frameworks */ = {
			isa = PBXFrameworksBuildPhase;
			buildActionMask = 2147483647;
			files = (
				16678F07213EA18800F12FEB /* CoreLocation.framework in Frameworks */,
				16678F05213EA17D00F12FEB /* MapKit.framework in Frameworks */,
			);
			runOnlyForDeploymentPostprocessing = 0;
		};
		16678EE3213EA0E900F12FEB /* Frameworks */ = {
			isa = PBXFrameworksBuildPhase;
			buildActionMask = 2147483647;
			files = (
			);
			runOnlyForDeploymentPostprocessing = 0;
		};
		16678EEE213EA0E900F12FEB /* Frameworks */ = {
			isa = PBXFrameworksBuildPhase;
			buildActionMask = 2147483647;
			files = (
			);
			runOnlyForDeploymentPostprocessing = 0;
		};
/* End PBXFrameworksBuildPhase section */

/* Begin PBXGroup section */
		16678EC9213EA0E300F12FEB = {
			isa = PBXGroup;
			children = (
				16678ED4213EA0E400F12FEB /* Uber */,
				16678EE9213EA0E900F12FEB /* UberTests */,
				16678EF4213EA0E900F12FEB /* UberUITests */,
				16678ED3213EA0E400F12FEB /* Products */,
				16678F03213EA17D00F12FEB /* Frameworks */,
			);
			sourceTree = "<group>";
		};
		16678ED3213EA0E400F12FEB /* Products */ = {
			isa = PBXGroup;
			children = (
				16678ED2213EA0E400F12FEB /* Uber.app */,
				16678EE6213EA0E900F12FEB /* UberTests.xctest */,
				16678EF1213EA0E900F12FEB /* UberUITests.xctest */,
			);
			name = Products;
			sourceTree = "<group>";
		};
		16678ED4213EA0E400F12FEB /* Uber */ = {
			isa = PBXGroup;
			children = (
				16678ED5213EA0E400F12FEB /* AppDelegate.swift */,
				16678ED7213EA0E400F12FEB /* ViewController.swift */,
				16678ED9213EA0E400F12FEB /* Main.storyboard */,
				16678EDC213EA0E900F12FEB /* Assets.xcassets */,
				16678EDE213EA0E900F12FEB /* LaunchScreen.storyboard */,
				16678EE1213EA0E900F12FEB /* Info.plist */,
			);
			path = Uber;
			sourceTree = "<group>";
		};
		16678EE9213EA0E900F12FEB /* UberTests */ = {
			isa = PBXGroup;
			children = (
				16678EEA213EA0E900F12FEB /* UberTests.swift */,
				16678EEC213EA0E900F12FEB /* Info.plist */,
			);
			path = UberTests;
			sourceTree = "<group>";
		};
		16678EF4213EA0E900F12FEB /* UberUITests */ = {
			isa = PBXGroup;
			children = (
				16678EF5213EA0E900F12FEB /* UberUITests.swift */,
				16678EF7213EA0E900F12FEB /* Info.plist */,
			);
			path = UberUITests;
			sourceTree = "<group>";
		};
		16678F03213EA17D00F12FEB /* Frameworks */ = {
			isa = PBXGroup;
			children = (
				16678F06213EA18800F12FEB /* CoreLocation.framework */,
				16678F04213EA17D00F12FEB /* MapKit.framework */,
			);
			name = Frameworks;
			sourceTree = "<group>";
		};
/* End PBXGroup section */

/* Begin PBXNativeTarget section */
		16678ED1213EA0E400F12FEB /* Uber */ = {
			isa = PBXNativeTarget;
			buildConfigurationList = 16678EFA213EA0E900F12FEB /* Build configuration list for PBXNativeTarget "Uber" */;
			buildPhases = (
				16678ECE213EA0E400F12FEB /* Sources */,
				16678ECF213EA0E400F12FEB /* Frameworks */,
				16678ED0213EA0E400F12FEB /* Resources */,
			);
			buildRules = (
			);
			dependencies = (
			);
			name = Uber;
			productName = Uber;
			productReference = 16678ED2213EA0E400F12FEB /* Uber.app */;
			productType = "com.apple.product-type.application";
		};
		16678EE5213EA0E900F12FEB /* UberTests */ = {
			isa = PBXNativeTarget;
			buildConfigurationList = 16678EFD213EA0E900F12FEB /* Build configuration list for PBXNativeTarget "UberTests" */;
			buildPhases = (
				16678EE2213EA0E900F12FEB /* Sources */,
				16678EE3213EA0E900F12FEB /* Frameworks */,
				16678EE4213EA0E900F12FEB /* Resources */,
			);
			buildRules = (
			);
			dependencies = (
				16678EE8213EA0E900F12FEB /* PBXTargetDependency */,
			);
			name = UberTests;
			productName = UberTests;
			productReference = 16678EE6213EA0E900F12FEB /* UberTests.xctest */;
			productType = "com.apple.product-type.bundle.unit-test";
		};
		16678EF0213EA0E900F12FEB /* UberUITests */ = {
			isa = PBXNativeTarget;
			buildConfigurationList = 16678F00213EA0E900F12FEB /* Build configuration list for PBXNativeTarget "UberUITests" */;
			buildPhases = (
				16678EED213EA0E900F12FEB /* Sources */,
				16678EEE213EA0E900F12FEB /* Frameworks */,
				16678EEF213EA0E900F12FEB /* Resources */,
			);
			buildRules = (
			);
			dependencies = (
				16678EF3213EA0E900F12FEB /* PBXTargetDependency */,
			);
			name = UberUITests;
			productName = UberUITests;
			productReference = 16678EF1213EA0E900F12FEB /* UberUITests.xctest */;
			productType = "com.apple.product-type.bundle.ui-testing";
		};
/* End PBXNativeTarget section */

/* Begin PBXProject section */
		16678ECA213EA0E400F12FEB /* Project object */ = {
			isa = PBXProject;
			attributes = {
				LastSwiftUpdateCheck = 0940;
				LastUpgradeCheck = 0940;
				ORGANIZATIONNAME = takuya.higano;
				TargetAttributes = {
					16678ED1213EA0E400F12FEB = {
						CreatedOnToolsVersion = 9.4.1;
					};
					16678EE5213EA0E900F12FEB = {
						CreatedOnToolsVersion = 9.4.1;
						TestTargetID = 16678ED1213EA0E400F12FEB;
					};
					16678EF0213EA0E900F12FEB = {
						CreatedOnToolsVersion = 9.4.1;
						TestTargetID = 16678ED1213EA0E400F12FEB;
					};
				};
			};
			buildConfigurationList = 16678ECD213EA0E400F12FEB /* Build configuration list for PBXProject "Uber" */;
			compatibilityVersion = "Xcode 9.3";
			developmentRegion = en;
			hasScannedForEncodings = 0;
			knownRegions = (
				en,
				Base,
			);
			mainGroup = 16678EC9213EA0E300F12FEB;
			productRefGroup = 16678ED3213EA0E400F12FEB /* Products */;
			projectDirPath = "";
			projectRoot = "";
			targets = (
				16678ED1213EA0E400F12FEB /* Uber */,
				16678EE5213EA0E900F12FEB /* UberTests */,
				16678EF0213EA0E900F12FEB /* UberUITests */,
			);
		};
/* End PBXProject section */

/* Begin PBXResourcesBuildPhase section */
		16678ED0213EA0E400F12FEB /* Resources */ = {
			isa = PBXResourcesBuildPhase;
			buildActionMask = 2147483647;
			files = (
				16678EE0213EA0E900F12FEB /* LaunchScreen.storyboard in Resources */,
				16678EDD213EA0E900F12FEB /* Assets.xcassets in Resources */,
				16678EDB213EA0E400F12FEB /* Main.storyboard in Resources */,
			);
			runOnlyForDeploymentPostprocessing = 0;
		};
		16678EE4213EA0E900F12FEB /* Resources */ = {
			isa = PBXResourcesBuildPhase;
			buildActionMask = 2147483647;
			files = (
			);
			runOnlyForDeploymentPostprocessing = 0;
		};
		16678EEF213EA0E900F12FEB /* Resources */ = {
			isa = PBXResourcesBuildPhase;
			buildActionMask = 2147483647;
			files = (
			);
			runOnlyForDeploymentPostprocessing = 0;
		};
/* End PBXResourcesBuildPhase section */

/* Begin PBXSourcesBuildPhase section */
		16678ECE213EA0E400F12FEB /* Sources */ = {
			isa = PBXSourcesBuildPhase;
			buildActionMask = 2147483647;
			files = (
				16678ED8213EA0E400F12FEB /* ViewController.swift in Sources */,
				16678ED6213EA0E400F12FEB /* AppDelegate.swift in Sources */,
			);
			runOnlyForDeploymentPostprocessing = 0;
		};
		16678EE2213EA0E900F12FEB /* Sources */ = {
			isa = PBXSourcesBuildPhase;
			buildActionMask = 2147483647;
			files = (
				16678EEB213EA0E900F12FEB /* UberTests.swift in Sources */,
			);
			runOnlyForDeploymentPostprocessing = 0;
		};
		16678EED213EA0E900F12FEB /* Sources */ = {
			isa = PBXSourcesBuildPhase;
			buildActionMask = 2147483647;
			files = (
				16678EF6213EA0E900F12FEB /* UberUITests.swift in Sources */,
			);
			runOnlyForDeploymentPostprocessing = 0;
		};
/* End PBXSourcesBuildPhase section */

/* Begin PBXTargetDependency section */
		16678EE8213EA0E900F12FEB /* PBXTargetDependency */ = {
			isa = PBXTargetDependency;
			target = 16678ED1213EA0E400F12FEB /* Uber */;
			targetProxy = 16678EE7213EA0E900F12FEB /* PBXContainerItemProxy */;
		};
		16678EF3213EA0E900F12FEB /* PBXTargetDependency */ = {
			isa = PBXTargetDependency;
			target = 16678ED1213EA0E400F12FEB /* Uber */;
			targetProxy = 16678EF2213EA0E900F12FEB /* PBXContainerItemProxy */;
		};
/* End PBXTargetDependency section */

/* Begin PBXVariantGroup section */
		16678ED9213EA0E400F12FEB /* Main.storyboard */ = {
			isa = PBXVariantGroup;
			children = (
				16678EDA213EA0E400F12FEB /* Base */,
			);
			name = Main.storyboard;
			sourceTree = "<group>";
		};
		16678EDE213EA0E900F12FEB /* LaunchScreen.storyboard */ = {
			isa = PBXVariantGroup;
			children = (
				16678EDF213EA0E900F12FEB /* Base */,
			);
			name = LaunchScreen.storyboard;
			sourceTree = "<group>";
		};
/* End PBXVariantGroup section */

/* Begin XCBuildConfiguration section */
		16678EF8213EA0E900F12FEB /* Debug */ = {
			isa = XCBuildConfiguration;
			buildSettings = {
				ALWAYS_SEARCH_USER_PATHS = NO;
				CLANG_ANALYZER_NONNULL = YES;
				CLANG_ANALYZER_NUMBER_OBJECT_CONVERSION = YES_AGGRESSIVE;
				CLANG_CXX_LANGUAGE_STANDARD = "gnu++14";
				CLANG_CXX_LIBRARY = "libc++";
				CLANG_ENABLE_MODULES = YES;
				CLANG_ENABLE_OBJC_ARC = YES;
				CLANG_ENABLE_OBJC_WEAK = YES;
				CLANG_WARN_BLOCK_CAPTURE_AUTORELEASING = YES;
				CLANG_WARN_BOOL_CONVERSION = YES;
				CLANG_WARN_COMMA = YES;
				CLANG_WARN_CONSTANT_CONVERSION = YES;
				CLANG_WARN_DEPRECATED_OBJC_IMPLEMENTATIONS = YES;
				CLANG_WARN_DIRECT_OBJC_ISA_USAGE = YES_ERROR;
				CLANG_WARN_DOCUMENTATION_COMMENTS = YES;
				CLANG_WARN_EMPTY_BODY = YES;
				CLANG_WARN_ENUM_CONVERSION = YES;
				CLANG_WARN_INFINITE_RECURSION = YES;
				CLANG_WARN_INT_CONVERSION = YES;
				CLANG_WARN_NON_LITERAL_NULL_CONVERSION = YES;
				CLANG_WARN_OBJC_IMPLICIT_RETAIN_SELF = YES;
				CLANG_WARN_OBJC_LITERAL_CONVERSION = YES;
				CLANG_WARN_OBJC_ROOT_CLASS = YES_ERROR;
				CLANG_WARN_RANGE_LOOP_ANALYSIS = YES;
				CLANG_WARN_STRICT_PROTOTYPES = YES;
				CLANG_WARN_SUSPICIOUS_MOVE = YES;
				CLANG_WARN_UNGUARDED_AVAILABILITY = YES_AGGRESSIVE;
				CLANG_WARN_UNREACHABLE_CODE = YES;
				CLANG_WARN__DUPLICATE_METHOD_MATCH = YES;
				CODE_SIGN_IDENTITY = "iPhone Developer";
				COPY_PHASE_STRIP = NO;
				DEBUG_INFORMATION_FORMAT = dwarf;
				ENABLE_STRICT_OBJC_MSGSEND = YES;
				ENABLE_TESTABILITY = YES;
				GCC_C_LANGUAGE_STANDARD = gnu11;
				GCC_DYNAMIC_NO_PIC = NO;
				GCC_NO_COMMON_BLOCKS = YES;
				GCC_OPTIMIZATION_LEVEL = 0;
				GCC_PREPROCESSOR_DEFINITIONS = (
					"DEBUG=1",
					"$(inherited)",
				);
				GCC_WARN_64_TO_32_BIT_CONVERSION = YES;
				GCC_WARN_ABOUT_RETURN_TYPE = YES_ERROR;
				GCC_WARN_UNDECLARED_SELECTOR = YES;
				GCC_WARN_UNINITIALIZED_AUTOS = YES_AGGRESSIVE;
				GCC_WARN_UNUSED_FUNCTION = YES;
				GCC_WARN_UNUSED_VARIABLE = YES;
				IPHONEOS_DEPLOYMENT_TARGET = 11.4;
				MTL_ENABLE_DEBUG_INFO = YES;
				ONLY_ACTIVE_ARCH = YES;
				SDKROOT = iphoneos;
				SWIFT_ACTIVE_COMPILATION_CONDITIONS = DEBUG;
				SWIFT_OPTIMIZATION_LEVEL = "-Onone";
			};
			name = Debug;
		};
		16678EF9213EA0E900F12FEB /* Release */ = {
			isa = XCBuildConfiguration;
			buildSettings = {
				ALWAYS_SEARCH_USER_PATHS = NO;
				CLANG_ANALYZER_NONNULL = YES;
				CLANG_ANALYZER_NUMBER_OBJECT_CONVERSION = YES_AGGRESSIVE;
				CLANG_CXX_LANGUAGE_STANDARD = "gnu++14";
				CLANG_CXX_LIBRARY = "libc++";
				CLANG_ENABLE_MODULES = YES;
				CLANG_ENABLE_OBJC_ARC = YES;
				CLANG_ENABLE_OBJC_WEAK = YES;
				CLANG_WARN_BLOCK_CAPTURE_AUTORELEASING = YES;
				CLANG_WARN_BOOL_CONVERSION = YES;
				CLANG_WARN_COMMA = YES;
				CLANG_WARN_CONSTANT_CONVERSION = YES;
				CLANG_WARN_DEPRECATED_OBJC_IMPLEMENTATIONS = YES;
				CLANG_WARN_DIRECT_OBJC_ISA_USAGE = YES_ERROR;
				CLANG_WARN_DOCUMENTATION_COMMENTS = YES;
				CLANG_WARN_EMPTY_BODY = YES;
				CLANG_WARN_ENUM_CONVERSION = YES;
				CLANG_WARN_INFINITE_RECURSION = YES;
				CLANG_WARN_INT_CONVERSION = YES;
				CLANG_WARN_NON_LITERAL_NULL_CONVERSION = YES;
				CLANG_WARN_OBJC_IMPLICIT_RETAIN_SELF = YES;
				CLANG_WARN_OBJC_LITERAL_CONVERSION = YES;
				CLANG_WARN_OBJC_ROOT_CLASS = YES_ERROR;
				CLANG_WARN_RANGE_LOOP_ANALYSIS = YES;
				CLANG_WARN_STRICT_PROTOTYPES = YES;
				CLANG_WARN_SUSPICIOUS_MOVE = YES;
				CLANG_WARN_UNGUARDED_AVAILABILITY = YES_AGGRESSIVE;
				CLANG_WARN_UNREACHABLE_CODE = YES;
				CLANG_WARN__DUPLICATE_METHOD_MATCH = YES;
				CODE_SIGN_IDENTITY = "iPhone Developer";
				COPY_PHASE_STRIP = NO;
				DEBUG_INFORMATION_FORMAT = "dwarf-with-dsym";
				ENABLE_NS_ASSERTIONS = NO;
				ENABLE_STRICT_OBJC_MSGSEND = YES;
				GCC_C_LANGUAGE_STANDARD = gnu11;
				GCC_NO_COMMON_BLOCKS = YES;
				GCC_WARN_64_TO_32_BIT_CONVERSION = YES;
				GCC_WARN_ABOUT_RETURN_TYPE = YES_ERROR;
				GCC_WARN_UNDECLARED_SELECTOR = YES;
				GCC_WARN_UNINITIALIZED_AUTOS = YES_AGGRESSIVE;
				GCC_WARN_UNUSED_FUNCTION = YES;
				GCC_WARN_UNUSED_VARIABLE = YES;
				IPHONEOS_DEPLOYMENT_TARGET = 11.4;
				MTL_ENABLE_DEBUG_INFO = NO;
				SDKROOT = iphoneos;
				SWIFT_COMPILATION_MODE = wholemodule;
				SWIFT_OPTIMIZATION_LEVEL = "-O";
				VALIDATE_PRODUCT = YES;
			};
			name = Release;
		};
		16678EFB213EA0E900F12FEB /* Debug */ = {
			isa = XCBuildConfiguration;
			buildSettings = {
				ASSETCATALOG_COMPILER_APPICON_NAME = AppIcon;
				CODE_SIGN_STYLE = Automatic;
				DEVELOPMENT_TEAM = NA3KZ63DVR;
				INFOPLIST_FILE = Uber/Info.plist;
				LD_RUNPATH_SEARCH_PATHS = (
					"$(inherited)",
					"@executable_path/Frameworks",
				);
				PRODUCT_BUNDLE_IDENTIFIER = takuya.higano.Uber;
				PRODUCT_NAME = "$(TARGET_NAME)";
				SWIFT_VERSION = 4.0;
				TARGETED_DEVICE_FAMILY = "1,2";
			};
			name = Debug;
		};
		16678EFC213EA0E900F12FEB /* Release */ = {
			isa = XCBuildConfiguration;
			buildSettings = {
				ASSETCATALOG_COMPILER_APPICON_NAME = AppIcon;
				CODE_SIGN_STYLE = Automatic;
				DEVELOPMENT_TEAM = NA3KZ63DVR;
				INFOPLIST_FILE = Uber/Info.plist;
				LD_RUNPATH_SEARCH_PATHS = (
					"$(inherited)",
					"@executable_path/Frameworks",
				);
				PRODUCT_BUNDLE_IDENTIFIER = takuya.higano.Uber;
				PRODUCT_NAME = "$(TARGET_NAME)";
				SWIFT_VERSION = 4.0;
				TARGETED_DEVICE_FAMILY = "1,2";
			};
			name = Release;
		};
		16678EFE213EA0E900F12FEB /* Debug */ = {
			isa = XCBuildConfiguration;
			buildSettings = {
				ALWAYS_EMBED_SWIFT_STANDARD_LIBRARIES = YES;
				BUNDLE_LOADER = "$(TEST_HOST)";
				CODE_SIGN_STYLE = Automatic;
				DEVELOPMENT_TEAM = NA3KZ63DVR;
				INFOPLIST_FILE = UberTests/Info.plist;
				LD_RUNPATH_SEARCH_PATHS = (
					"$(inherited)",
					"@executable_path/Frameworks",
					"@loader_path/Frameworks",
				);
				PRODUCT_BUNDLE_IDENTIFIER = takuya.higano.UberTests;
				PRODUCT_NAME = "$(TARGET_NAME)";
				SWIFT_VERSION = 4.0;
				TARGETED_DEVICE_FAMILY = "1,2";
				TEST_HOST = "$(BUILT_PRODUCTS_DIR)/Uber.app/Uber";
			};
			name = Debug;
		};
		16678EFF213EA0E900F12FEB /* Release */ = {
			isa = XCBuildConfiguration;
			buildSettings = {
				ALWAYS_EMBED_SWIFT_STANDARD_LIBRARIES = YES;
				BUNDLE_LOADER = "$(TEST_HOST)";
				CODE_SIGN_STYLE = Automatic;
				DEVELOPMENT_TEAM = NA3KZ63DVR;
				INFOPLIST_FILE = UberTests/Info.plist;
				LD_RUNPATH_SEARCH_PATHS = (
					"$(inherited)",
					"@executable_path/Frameworks",
					"@loader_path/Frameworks",
				);
				PRODUCT_BUNDLE_IDENTIFIER = takuya.higano.UberTests;
				PRODUCT_NAME = "$(TARGET_NAME)";
				SWIFT_VERSION = 4.0;
				TARGETED_DEVICE_FAMILY = "1,2";
				TEST_HOST = "$(BUILT_PRODUCTS_DIR)/Uber.app/Uber";
			};
			name = Release;
		};
		16678F01213EA0E900F12FEB /* Debug */ = {
			isa = XCBuildConfiguration;
			buildSettings = {
				ALWAYS_EMBED_SWIFT_STANDARD_LIBRARIES = YES;
				CODE_SIGN_STYLE = Automatic;
				DEVELOPMENT_TEAM = NA3KZ63DVR;
				INFOPLIST_FILE = UberUITests/Info.plist;
				LD_RUNPATH_SEARCH_PATHS = (
					"$(inherited)",
					"@executable_path/Frameworks",
					"@loader_path/Frameworks",
				);
				PRODUCT_BUNDLE_IDENTIFIER = takuya.higano.UberUITests;
				PRODUCT_NAME = "$(TARGET_NAME)";
				SWIFT_VERSION = 4.0;
				TARGETED_DEVICE_FAMILY = "1,2";
				TEST_TARGET_NAME = Uber;
			};
			name = Debug;
		};
		16678F02213EA0E900F12FEB /* Release */ = {
			isa = XCBuildConfiguration;
			buildSettings = {
				ALWAYS_EMBED_SWIFT_STANDARD_LIBRARIES = YES;
				CODE_SIGN_STYLE = Automatic;
				DEVELOPMENT_TEAM = NA3KZ63DVR;
				INFOPLIST_FILE = UberUITests/Info.plist;
				LD_RUNPATH_SEARCH_PATHS = (
					"$(inherited)",
					"@executable_path/Frameworks",
					"@loader_path/Frameworks",
				);
				PRODUCT_BUNDLE_IDENTIFIER = takuya.higano.UberUITests;
				PRODUCT_NAME = "$(TARGET_NAME)";
				SWIFT_VERSION = 4.0;
				TARGETED_DEVICE_FAMILY = "1,2";
				TEST_TARGET_NAME = Uber;
			};
			name = Release;
		};
/* End XCBuildConfiguration section */

/* Begin XCConfigurationList section */
		16678ECD213EA0E400F12FEB /* Build configuration list for PBXProject "Uber" */ = {
			isa = XCConfigurationList;
			buildConfigurations = (
				16678EF8213EA0E900F12FEB /* Debug */,
				16678EF9213EA0E900F12FEB /* Release */,
			);
			defaultConfigurationIsVisible = 0;
			defaultConfigurationName = Release;
		};
		16678EFA213EA0E900F12FEB /* Build configuration list for PBXNativeTarget "Uber" */ = {
			isa = XCConfigurationList;
			buildConfigurations = (
				16678EFB213EA0E900F12FEB /* Debug */,
				16678EFC213EA0E900F12FEB /* Release */,
			);
			defaultConfigurationIsVisible = 0;
			defaultConfigurationName = Release;
		};
		16678EFD213EA0E900F12FEB /* Build configuration list for PBXNativeTarget "UberTests" */ = {
			isa = XCConfigurationList;
			buildConfigurations = (
				16678EFE213EA0E900F12FEB /* Debug */,
				16678EFF213EA0E900F12FEB /* Release */,
			);
			defaultConfigurationIsVisible = 0;
			defaultConfigurationName = Release;
		};
		16678F00213EA0E900F12FEB /* Build configuration list for PBXNativeTarget "UberUITests" */ = {
			isa = XCConfigurationList;
			buildConfigurations = (
				16678F01213EA0E900F12FEB /* Debug */,
				16678F02213EA0E900F12FEB /* Release */,
			);
			defaultConfigurationIsVisible = 0;
			defaultConfigurationName = Release;
		};
/* End XCConfigurationList section */
	};
	rootObject = 16678ECA213EA0E400F12FEB /* Project object */;
}
